// !$*UTF8*$!
{
	archiveVersion = 1;
	classes = {
	};
	objectVersion = 50;
	objects = {

/* Begin PBXBuildFile section */
		7EF4758622C6F25C0096606A /* AppDelegate.swift in Sources */ = {isa = PBXBuildFile; fileRef = 7EF4758522C6F25C0096606A /* AppDelegate.swift */; };
		7EF4758822C6F25C0096606A /* ViewController.swift in Sources */ = {isa = PBXBuildFile; fileRef = 7EF4758722C6F25C0096606A /* ViewController.swift */; };
		7EF4758B22C6F25C0096606A /* Main.storyboard in Resources */ = {isa = PBXBuildFile; fileRef = 7EF4758922C6F25C0096606A /* Main.storyboard */; };
		7EF4758D22C6F25D0096606A /* Assets.xcassets in Resources */ = {isa = PBXBuildFile; fileRef = 7EF4758C22C6F25D0096606A /* Assets.xcassets */; };
		7EF4759022C6F25D0096606A /* LaunchScreen.storyboard in Resources */ = {isa = PBXBuildFile; fileRef = 7EF4758E22C6F25D0096606A /* LaunchScreen.storyboard */; };
		7EF4759C22C6F73C0096606A /* Student.swift in Sources */ = {isa = PBXBuildFile; fileRef = 7EF4759B22C6F73C0096606A /* Student.swift */; };
		7EF8BDDD22C8908200EFCBFF /* DisplayDataViewController.swift in Sources */ = {isa = PBXBuildFile; fileRef = 7EF8BDDC22C8908200EFCBFF /* DisplayDataViewController.swift */; };
/* End PBXBuildFile section */

/* Begin PBXFileReference section */
		7EF4758222C6F25C0096606A /* StudentExample.app */ = {isa = PBXFileReference; explicitFileType = wrapper.application; includeInIndex = 0; path = StudentExample.app; sourceTree = BUILT_PRODUCTS_DIR; };
		7EF4758522C6F25C0096606A /* AppDelegate.swift */ = {isa = PBXFileReference; lastKnownFileType = sourcecode.swift; path = AppDelegate.swift; sourceTree = "<group>"; };
		7EF4758722C6F25C0096606A /* ViewController.swift */ = {isa = PBXFileReference; lastKnownFileType = sourcecode.swift; path = ViewController.swift; sourceTree = "<group>"; };
		7EF4758A22C6F25C0096606A /* Base */ = {isa = PBXFileReference; lastKnownFileType = file.storyboard; name = Base; path = Base.lproj/Main.storyboard; sourceTree = "<group>"; };
		7EF4758C22C6F25D0096606A /* Assets.xcassets */ = {isa = PBXFileReference; lastKnownFileType = folder.assetcatalog; path = Assets.xcassets; sourceTree = "<group>"; };
		7EF4758F22C6F25D0096606A /* Base */ = {isa = PBXFileReference; lastKnownFileType = file.storyboard; name = Base; path = Base.lproj/LaunchScreen.storyboard; sourceTree = "<group>"; };
		7EF4759122C6F25D0096606A /* Info.plist */ = {isa = PBXFileReference; lastKnownFileType = text.plist.xml; path = Info.plist; sourceTree = "<group>"; };
		7EF4759B22C6F73C0096606A /* Student.swift */ = {isa = PBXFileReference; lastKnownFileType = sourcecode.swift; path = Student.swift; sourceTree = "<group>"; };
		7EF8BDDC22C8908200EFCBFF /* DisplayDataViewController.swift */ = {isa = PBXFileReference; lastKnownFileType = sourcecode.swift; path = DisplayDataViewController.swift; sourceTree = "<group>"; };
/* End PBXFileReference section */

/* Begin PBXFrameworksBuildPhase section */
		7EF4757F22C6F25C0096606A /* Frameworks */ = {
			isa = PBXFrameworksBuildPhase;
			buildActionMask = 2147483647;
			files = (
			);
			runOnlyForDeploymentPostprocessing = 0;
		};
/* End PBXFrameworksBuildPhase section */

/* Begin PBXGroup section */
		7EF4757922C6F25C0096606A = {
			isa = PBXGroup;
			children = (
				7EF4758422C6F25C0096606A /* StudentExample */,
				7EF4758322C6F25C0096606A /* Products */,
			);
			sourceTree = "<group>";
		};
		7EF4758322C6F25C0096606A /* Products */ = {
			isa = PBXGroup;
			children = (
				7EF4758222C6F25C0096606A /* StudentExample.app */,
			);
			name = Products;
			sourceTree = "<group>";
		};
		7EF4758422C6F25C0096606A /* StudentExample */ = {
			isa = PBXGroup;
			children = (
				7EF4759A22C6F72F0096606A /* Models */,
				7EF4758522C6F25C0096606A /* AppDelegate.swift */,
				7EF4758722C6F25C0096606A /* ViewController.swift */,
				7EF4758922C6F25C0096606A /* Main.storyboard */,
				7EF4758C22C6F25D0096606A /* Assets.xcassets */,
				7EF4758E22C6F25D0096606A /* LaunchScreen.storyboard */,
				7EF4759122C6F25D0096606A /* Info.plist */,
				7EF8BDDC22C8908200EFCBFF /* DisplayDataViewController.swift */,
			);
			path = StudentExample;
			sourceTree = "<group>";
		};
		7EF4759A22C6F72F0096606A /* Models */ = {
			isa = PBXGroup;
			children = (
				7EF4759B22C6F73C0096606A /* Student.swift */,
			);
			path = Models;
			sourceTree = "<group>";
		};
/* End PBXGroup section */

/* Begin PBXNativeTarget section */
		7EF4758122C6F25C0096606A /* StudentExample */ = {
			isa = PBXNativeTarget;
			buildConfigurationList = 7EF4759422C6F25D0096606A /* Build configuration list for PBXNativeTarget "StudentExample" */;
			buildPhases = (
				7EF4757E22C6F25C0096606A /* Sources */,
				7EF4757F22C6F25C0096606A /* Frameworks */,
				7EF4758022C6F25C0096606A /* Resources */,
			);
			buildRules = (
			);
			dependencies = (
			);
			name = StudentExample;
			productName = StudentExample;
			productReference = 7EF4758222C6F25C0096606A /* StudentExample.app */;
			productType = "com.apple.product-type.application";
		};
/* End PBXNativeTarget section */

/* Begin PBXProject section */
		7EF4757A22C6F25C0096606A /* Project object */ = {
			isa = PBXProject;
			attributes = {
				LastSwiftUpdateCheck = 1020;
				LastUpgradeCheck = 1020;
				ORGANIZATIONNAME = "Ankita Pabbi";
				TargetAttributes = {
					7EF4758122C6F25C0096606A = {
						CreatedOnToolsVersion = 10.2.1;
					};
				};
			};
			buildConfigurationList = 7EF4757D22C6F25C0096606A /* Build configuration list for PBXProject "StudentExample" */;
			compatibilityVersion = "Xcode 9.3";
			developmentRegion = en;
			hasScannedForEncodings = 0;
			knownRegions = (
				en,
				Base,
			);
			mainGroup = 7EF4757922C6F25C0096606A;
			productRefGroup = 7EF4758322C6F25C0096606A /* Products */;
			projectDirPath = "";
			projectRoot = "";
			targets = (
				7EF4758122C6F25C0096606A /* StudentExample */,
			);
		};
/* End PBXProject section */

/* Begin PBXResourcesBuildPhase section */
		7EF4758022C6F25C0096606A /* Resources */ = {
			isa = PBXResourcesBuildPhase;
			buildActionMask = 2147483647;
			files = (
				7EF4759022C6F25D0096606A /* LaunchScreen.storyboard in Resources */,
				7EF4758D22C6F25D0096606A /* Assets.xcassets in Resources */,
				7EF4758B22C6F25C0096606A /* Main.storyboard in Resources */,
			);
			runOnlyForDeploymentPostprocessing = 0;
		};
/* End PBXResourcesBuildPhase section */

/* Begin PBXSourcesBuildPhase section */
		7EF4757E22C6F25C0096606A /* Sources */ = {
			isa = PBXSourcesBuildPhase;
			buildActionMask = 2147483647;
			files = (
				7EF4758822C6F25C0096606A /* ViewController.swift in Sources */,
				7EF8BDDD22C8908200EFCBFF /* DisplayDataViewController.swift in Sources */,
				7EF4759C22C6F73C0096606A /* Student.swift in Sources */,
				7EF4758622C6F25C0096606A /* AppDelegate.swift in Sources */,
			);
			runOnlyForDeploymentPostprocessing = 0;
		};
/* End PBXSourcesBuildPhase section */

/* Begin PBXVariantGroup section */
		7EF4758922C6F25C0096606A /* Main.storyboard */ = {
			isa = PBXVariantGroup;
			children = (
				7EF4758A22C6F25C0096606A /* Base */,
			);
			name = Main.storyboard;
			sourceTree = "<group>";
		};
		7EF4758E22C6F25D0096606A /* LaunchScreen.storyboard */ = {
			isa = PBXVariantGroup;
			children = (
				7EF4758F22C6F25D0096606A /* Base */,
			);
			name = LaunchScreen.storyboard;
			sourceTree = "<group>";
		};
/* End PBXVariantGroup section */

/* Begin XCBuildConfiguration section */
		7EF4759222C6F25D0096606A /* Debug */ = {
			isa = XCBuildConfiguration;
			buildSettings = {
				ALWAYS_SEARCH_USER_PATHS = NO;
				CLANG_ANALYZER_NONNULL = YES;
				CLANG_ANALYZER_NUMBER_OBJECT_CONVERSION = YES_AGGRESSIVE;
				CLANG_CXX_LANGUAGE_STANDARD = "gnu++14";
				CLANG_CXX_LIBRARY = "libc++";
				CLANG_ENABLE_MODULES = YES;
				CLANG_ENABLE_OBJC_ARC = YES;
				CLANG_ENABLE_OBJC_WEAK = YES;
				CLANG_WARN_BLOCK_CAPTURE_AUTORELEASING = YES;
				CLANG_WARN_BOOL_CONVERSION = YES;
				CLANG_WARN_COMMA = YES;
				CLANG_WARN_CONSTANT_CONVERSION = YES;
				CLANG_WARN_DEPRECATED_OBJC_IMPLEMENTATIONS = YES;
				CLANG_WARN_DIRECT_OBJC_ISA_USAGE = YES_ERROR;
				CLANG_WARN_DOCUMENTATION_COMMENTS = YES;
				CLANG_WARN_EMPTY_BODY = YES;
				CLANG_WARN_ENUM_CONVERSION = YES;
				CLANG_WARN_INFINITE_RECURSION = YES;
				CLANG_WARN_INT_CONVERSION = YES;
				CLANG_WARN_NON_LITERAL_NULL_CONVERSION = YES;
				CLANG_WARN_OBJC_IMPLICIT_RETAIN_SELF = YES;
				CLANG_WARN_OBJC_LITERAL_CONVERSION = YES;
				CLANG_WARN_OBJC_ROOT_CLASS = YES_ERROR;
				CLANG_WARN_RANGE_LOOP_ANALYSIS = YES;
				CLANG_WARN_STRICT_PROTOTYPES = YES;
				CLANG_WARN_SUSPICIOUS_MOVE = YES;
				CLANG_WARN_UNGUARDED_AVAILABILITY = YES_AGGRESSIVE;
				CLANG_WARN_UNREACHABLE_CODE = YES;
				CLANG_WARN__DUPLICATE_METHOD_MATCH = YES;
				CODE_SIGN_IDENTITY = "iPhone Developer";
				COPY_PHASE_STRIP = NO;
				DEBUG_INFORMATION_FORMAT = dwarf;
				ENABLE_STRICT_OBJC_MSGSEND = YES;
				ENABLE_TESTABILITY = YES;
				GCC_C_LANGUAGE_STANDARD = gnu11;
				GCC_DYNAMIC_NO_PIC = NO;
				GCC_NO_COMMON_BLOCKS = YES;
				GCC_OPTIMIZATION_LEVEL = 0;
				GCC_PREPROCESSOR_DEFINITIONS = (
					"DEBUG=1",
					"$(inherited)",
				);
				GCC_WARN_64_TO_32_BIT_CONVERSION = YES;
				GCC_WARN_ABOUT_RETURN_TYPE = YES_ERROR;
				GCC_WARN_UNDECLARED_SELECTOR = YES;
				GCC_WARN_UNINITIALIZED_AUTOS = YES_AGGRESSIVE;
				GCC_WARN_UNUSED_FUNCTION = YES;
				GCC_WARN_UNUSED_VARIABLE = YES;
				IPHONEOS_DEPLOYMENT_TARGET = 12.2;
				MTL_ENABLE_DEBUG_INFO = INCLUDE_SOURCE;
				MTL_FAST_MATH = YES;
				ONLY_ACTIVE_ARCH = YES;
				SDKROOT = iphoneos;
				SWIFT_ACTIVE_COMPILATION_CONDITIONS = DEBUG;
				SWIFT_OPTIMIZATION_LEVEL = "-Onone";
			};
			name = Debug;
		};
		7EF4759322C6F25D0096606A /* Release */ = {
			isa = XCBuildConfiguration;
			buildSettings = {
				ALWAYS_SEARCH_USER_PATHS = NO;
				CLANG_ANALYZER_NONNULL = YES;
				CLANG_ANALYZER_NUMBER_OBJECT_CONVERSION = YES_AGGRESSIVE;
				CLANG_CXX_LANGUAGE_STANDARD = "gnu++14";
				CLANG_CXX_LIBRARY = "libc++";
				CLANG_ENABLE_MODULES = YES;
				CLANG_ENABLE_OBJC_ARC = YES;
				CLANG_ENABLE_OBJC_WEAK = YES;
				CLANG_WARN_BLOCK_CAPTURE_AUTORELEASING = YES;
				CLANG_WARN_BOOL_CONVERSION = YES;
				CLANG_WARN_COMMA = YES;
				CLANG_WARN_CONSTANT_CONVERSION = YES;
				CLANG_WARN_DEPRECATED_OBJC_IMPLEMENTATIONS = YES;
				CLANG_WARN_DIRECT_OBJC_ISA_USAGE = YES_ERROR;
				CLANG_WARN_DOCUMENTATION_COMMENTS = YES;
				CLANG_WARN_EMPTY_BODY = YES;
				CLANG_WARN_ENUM_CONVERSION = YES;
				CLANG_WARN_INFINITE_RECURSION = YES;
				CLANG_WARN_INT_CONVERSION = YES;
				CLANG_WARN_NON_LITERAL_NULL_CONVERSION = YES;
				CLANG_WARN_OBJC_IMPLICIT_RETAIN_SELF = YES;
				CLANG_WARN_OBJC_LITERAL_CONVERSION = YES;
				CLANG_WARN_OBJC_ROOT_CLASS = YES_ERROR;
				CLANG_WARN_RANGE_LOOP_ANALYSIS = YES;
				CLANG_WARN_STRICT_PROTOTYPES = YES;
				CLANG_WARN_SUSPICIOUS_MOVE = YES;
				CLANG_WARN_UNGUARDED_AVAILABILITY = YES_AGGRESSIVE;
				CLANG_WARN_UNREACHABLE_CODE = YES;
				CLANG_WARN__DUPLICATE_METHOD_MATCH = YES;
				CODE_SIGN_IDENTITY = "iPhone Developer";
				COPY_PHASE_STRIP = NO;
				DEBUG_INFORMATION_FORMAT = "dwarf-with-dsym";
				ENABLE_NS_ASSERTIONS = NO;
				ENABLE_STRICT_OBJC_MSGSEND = YES;
				GCC_C_LANGUAGE_STANDARD = gnu11;
				GCC_NO_COMMON_BLOCKS = YES;
				GCC_WARN_64_TO_32_BIT_CONVERSION = YES;
				GCC_WARN_ABOUT_RETURN_TYPE = YES_ERROR;
				GCC_WARN_UNDECLARED_SELECTOR = YES;
				GCC_WARN_UNINITIALIZED_AUTOS = YES_AGGRESSIVE;
				GCC_WARN_UNUSED_FUNCTION = YES;
				GCC_WARN_UNUSED_VARIABLE = YES;
				IPHONEOS_DEPLOYMENT_TARGET = 12.2;
				MTL_ENABLE_DEBUG_INFO = NO;
				MTL_FAST_MATH = YES;
				SDKROOT = iphoneos;
				SWIFT_COMPILATION_MODE = wholemodule;
				SWIFT_OPTIMIZATION_LEVEL = "-O";
				VALIDATE_PRODUCT = YES;
			};
			name = Release;
		};
		7EF4759522C6F25D0096606A /* Debug */ = {
			isa = XCBuildConfiguration;
			buildSettings = {
				ASSETCATALOG_COMPILER_APPICON_NAME = AppIcon;
				CODE_SIGN_STYLE = Automatic;
				INFOPLIST_FILE = StudentExample/Info.plist;
				LD_RUNPATH_SEARCH_PATHS = (
					"$(inherited)",
					"@executable_path/Frameworks",
				);
				PRODUCT_BUNDLE_IDENTIFIER = com.ankita.StudentExample;
				PRODUCT_NAME = "$(TARGET_NAME)";
				SWIFT_VERSION = 5.0;
				TARGETED_DEVICE_FAMILY = "1,2";
			};
			name = Debug;
		};
		7EF4759622C6F25D0096606A /* Release */ = {
			isa = XCBuildConfiguration;
			buildSettings = {
				ASSETCATALOG_COMPILER_APPICON_NAME = AppIcon;
				CODE_SIGN_STYLE = Automatic;
				INFOPLIST_FILE = StudentExample/Info.plist;
				LD_RUNPATH_SEARCH_PATHS = (
					"$(inherited)",
					"@executable_path/Frameworks",
				);
				PRODUCT_BUNDLE_IDENTIFIER = com.ankita.StudentExample;
				PRODUCT_NAME = "$(TARGET_NAME)";
				SWIFT_VERSION = 5.0;
				TARGETED_DEVICE_FAMILY = "1,2";
			};
			name = Release;
		};
/* End XCBuildConfiguration section */

/* Begin XCConfigurationList section */
		7EF4757D22C6F25C0096606A /* Build configuration list for PBXProject "StudentExample" */ = {
			isa = XCConfigurationList;
			buildConfigurations = (
				7EF4759222C6F25D0096606A /* Debug */,
				7EF4759322C6F25D0096606A /* Release */,
			);
			defaultConfigurationIsVisible = 0;
			defaultConfigurationName = Release;
		};
		7EF4759422C6F25D0096606A /* Build configuration list for PBXNativeTarget "StudentExample" */ = {
			isa = XCConfigurationList;
			buildConfigurations = (
				7EF4759522C6F25D0096606A /* Debug */,
				7EF4759622C6F25D0096606A /* Release */,
			);
			defaultConfigurationIsVisible = 0;
			defaultConfigurationName = Release;
		};
/* End XCConfigurationList section */
	};
	rootObject = 7EF4757A22C6F25C0096606A /* Project object */;
}
